
Microsoft Visual Studio Solution File, Format Version 12.00
# Visual Studio Version 16
VisualStudioVersion = 16.0.30011.22
MinimumVisualStudioVersion = 10.0.40219.1
Project("{888888A0-9F3D-457C-B088-3A5042F75D52}") = "PetPalaces", "PetPalaces\PetPalaces.pyproj", "{863AF9ED-F962-4B98-BDD5-827953599185}"
EndProject
Global
	GlobalSection(SolutionConfigurationPlatforms) = preSolution
		Debug|Any CPU = Debug|Any CPU
		Release|Any CPU = Release|Any CPU
	EndGlobalSection
	GlobalSection(ProjectConfigurationPlatforms) = postSolution
		{863AF9ED-F962-4B98-BDD5-827953599185}.Debug|Any CPU.ActiveCfg = Debug|Any CPU
		{863AF9ED-F962-4B98-BDD5-827953599185}.Debug|Any CPU.Build.0 = Debug|Any CPU
		{863AF9ED-F962-4B98-BDD5-827953599185}.Release|Any CPU.ActiveCfg = Release|Any CPU
		{863AF9ED-F962-4B98-BDD5-827953599185}.Release|Any CPU.Build.0 = Release|Any CPU
	EndGlobalSection
	GlobalSection(SolutionProperties) = preSolution
		HideSolutionNode = FALSE
	EndGlobalSection
	GlobalSection(ExtensibilityGlobals) = postSolution
		SolutionGuid = {21CE9F15-DBC9-4DF9-9BC7-FC90422C91E5}
	EndGlobalSection
EndGlobal
